# THIS IS AN AUTOGENERATED FILE. DO NOT EDIT THIS FILE DIRECTLY.
# yarn lockfile v1


emojibase@^6.1.0:
  version "6.1.0"
  resolved "https://registry.yarnpkg.com/emojibase/-/emojibase-6.1.0.tgz#c3bc281e998a0e06398416090c23bac8c5ed3ee8"
  integrity sha512-1GkKJPXP6tVkYJHOBSJHoGOr/6uaDxZ9xJ6H7m6PfdGXTmQgbALHLWaVRY4Gi/qf5x/gT/NUXLPuSHYLqtLtrQ==

picmo@^5.3.0:
  version "5.3.0"
  resolved "https://registry.yarnpkg.com/picmo/-/picmo-5.3.0.tgz#1b3c4824724568bd767159870600df81e46acd59"
  integrity sha512-bO6+Z7zp1U8HT5xUWUCa8XWAo/ACPDT9Z7cRUuRvi098mpuAR9ABrzF4vOOhrRLRw+Ng4dwW+YxEqYmoEYTkcA==
  dependencies:
    emojibase "^6.1.0"
